{
  "name": "first-git",
  "version": "1.0.1",
  "lockfileVersion": 1,
  "requires": true,
  "dependencies": {
    "testing-dependancy": {
      "version": "4.0.0",
      "resolved": "https://registry.npmjs.org/testing-dependancy/-/testing-dependancy-4.0.0.tgz",
      "integrity": "sha512-e5FF1fSXoPQs6BpzmmB1Qtr7czGAoHUNdXwjN1VtIdJXTx2lTZJdxEP1q9L1cPwUIgw/zzLWQrrbWSWqFkjpIw=="
    },
    "testing-dependency-two": {
      "version": "1.0.0",
      "resolved": "https://registry.npmjs.org/testing-dependency-two/-/testing-dependency-two-1.0.0.tgz",
      "integrity": "sha512-gVJQ7LjUxRNGVMnnZwAXJ/foZBX5OeB/nddgxN8FbivYRpnwbHGPiWsZhnvGQviMxLsHSabPsmUjMrrlhtZY8g=="
    }
  }
}
