{
  "name": "first-git",
  "version": "1.0.0",
  "lockfileVersion": 1,
  "requires": true,
  "dependencies": {
    "testing-dependancy": {
      "version": "2.2.1",
      "resolved": "https://registry.npmjs.org/testing-dependancy/-/testing-dependancy-2.2.1.tgz",
      "integrity": "sha512-HJg9XnIvIsVmzQElLD/5MbEEhNh7xt1phtR5aSB6wX7BGaksldBFvh4hO5RME2rYcEoqN6oBBUjd8hmda1lOww=="
    }
  }
}
